
Microsoft Visual Studio Solution File, Format Version 12.00
# Visual Studio Version 16
VisualStudioVersion = 16.0.29509.3
MinimumVisualStudioVersion = 10.0.40219.1
Project("{FAE04EC0-301F-11D3-BF4B-00C04F79EFBC}") = "Mark Otterson - Mastermind (Quadax Exercise)", "Mark Otterson - Mastermind (Quadax Exercise)\Mark Otterson - Mastermind (Quadax Exercise).csproj", "{2D3EA010-A956-447F-B66D-03D489630F11}"
EndProject
Global
	GlobalSection(SolutionConfigurationPlatforms) = preSolution
		Debug|Any CPU = Debug|Any CPU
		Release|Any CPU = Release|Any CPU
	EndGlobalSection
	GlobalSection(ProjectConfigurationPlatforms) = postSolution
		{2D3EA010-A956-447F-B66D-03D489630F11}.Debug|Any CPU.ActiveCfg = Debug|Any CPU
		{2D3EA010-A956-447F-B66D-03D489630F11}.Debug|Any CPU.Build.0 = Debug|Any CPU
		{2D3EA010-A956-447F-B66D-03D489630F11}.Release|Any CPU.ActiveCfg = Release|Any CPU
		{2D3EA010-A956-447F-B66D-03D489630F11}.Release|Any CPU.Build.0 = Release|Any CPU
	EndGlobalSection
	GlobalSection(SolutionProperties) = preSolution
		HideSolutionNode = FALSE
	EndGlobalSection
	GlobalSection(ExtensibilityGlobals) = postSolution
		SolutionGuid = {EB95AEEB-204C-4123-AC3F-CF5F7E53B0B1}
	EndGlobalSection
EndGlobal
